
Microsoft Visual Studio Solution File, Format Version 12.00
# Visual Studio Version 16
VisualStudioVersion = 16.0.31321.278
MinimumVisualStudioVersion = 10.0.40219.1
Project("{FAE04EC0-301F-11D3-BF4B-00C04F79EFBC}") = "HomeWork9.4", "HomeWork9.4.csproj", "{D7DAB48A-273D-4699-86FB-F3AEFB2E5655}"
EndProject
Global
	GlobalSection(SolutionConfigurationPlatforms) = preSolution
		Debug|Any CPU = Debug|Any CPU
		Release|Any CPU = Release|Any CPU
	EndGlobalSection
	GlobalSection(ProjectConfigurationPlatforms) = postSolution
		{D7DAB48A-273D-4699-86FB-F3AEFB2E5655}.Debug|Any CPU.ActiveCfg = Debug|Any CPU
		{D7DAB48A-273D-4699-86FB-F3AEFB2E5655}.Debug|Any CPU.Build.0 = Debug|Any CPU
		{D7DAB48A-273D-4699-86FB-F3AEFB2E5655}.Release|Any CPU.ActiveCfg = Release|Any CPU
		{D7DAB48A-273D-4699-86FB-F3AEFB2E5655}.Release|Any CPU.Build.0 = Release|Any CPU
	EndGlobalSection
	GlobalSection(SolutionProperties) = preSolution
		HideSolutionNode = FALSE
	EndGlobalSection
	GlobalSection(ExtensibilityGlobals) = postSolution
		SolutionGuid = {55C2AB72-5033-4E89-A951-7BD04FBD5FC0}
	EndGlobalSection
EndGlobal
